{"config_hash":"eb2a84e7ac8c7474c0698cab5705bd5e227ace97c2f6f87fc274a025f52bf843","preflight_id":"lf022_rcp_preflight:9286e69c6ef769d1071a9cf0da46aa9280ee4834b949a17e4a852417514db1d6","run_key":"ba820b59f24090eaa93c8d205e732e7a5c78f9413ae78c325be5e8273a82734a","schema":"lf022_rcp_public_smoke_lock_v1"}
