{"config_hash":"0e1bc8d0657ab169acb6741992c5e46f0521522e6fcb1fb1f483b18643ebd7ab","preflight_id":"lf022_rcp_preflight:fa365bc4038bf802f066f67bfa74460b5e98232e5da81235e401b39ca2a0cfa3","run_key":"61e201acc254d89cb5e9686bd56a7f4e03c0ea2f8169ae39e22cc31be48a0589","schema":"lf022_rcp_public_smoke_lock_v1"}
