{"config_hash":"f6a5c0b5c0ef42c7f926929cb1e4311bd6cbb2412516b695d65c728bc6ea123c","preflight_id":"lf022_rcp_preflight:168cd2c6499217c11c8d87667d24022922c4d6e513b38a988355e0681c58c16c","run_key":"f1ce60d318fa59c61da08302cfc33c03b3629e17e57854b810e385d426b35ce6","schema":"lf022_rcp_public_smoke_lock_v1"}
